
Microsoft Visual Studio Solution File, Format Version 12.00
# Visual Studio Version 16
VisualStudioVersion = 16.0.30320.27
MinimumVisualStudioVersion = 10.0.40219.1
Project("{FAE04EC0-301F-11D3-BF4B-00C04F79EFBC}") = "DesktopApp", "DesktopApp\DesktopApp.csproj", "{1B642EC6-BDC8-4F57-A890-FE314AC79C8D}"
EndProject
Project("{FAE04EC0-301F-11D3-BF4B-00C04F79EFBC}") = "BlazorComponents", "BlazorComponents\BlazorComponents.csproj", "{32F095A8-B332-489A-85F4-8BD4CD979675}"
EndProject
Global
	GlobalSection(SolutionConfigurationPlatforms) = preSolution
		Debug|Any CPU = Debug|Any CPU
		Release|Any CPU = Release|Any CPU
	EndGlobalSection
	GlobalSection(ProjectConfigurationPlatforms) = postSolution
		{1B642EC6-BDC8-4F57-A890-FE314AC79C8D}.Debug|Any CPU.ActiveCfg = Debug|Any CPU
		{1B642EC6-BDC8-4F57-A890-FE314AC79C8D}.Debug|Any CPU.Build.0 = Debug|Any CPU
		{1B642EC6-BDC8-4F57-A890-FE314AC79C8D}.Release|Any CPU.ActiveCfg = Release|Any CPU
		{1B642EC6-BDC8-4F57-A890-FE314AC79C8D}.Release|Any CPU.Build.0 = Release|Any CPU
		{32F095A8-B332-489A-85F4-8BD4CD979675}.Debug|Any CPU.ActiveCfg = Debug|Any CPU
		{32F095A8-B332-489A-85F4-8BD4CD979675}.Debug|Any CPU.Build.0 = Debug|Any CPU
		{32F095A8-B332-489A-85F4-8BD4CD979675}.Release|Any CPU.ActiveCfg = Release|Any CPU
		{32F095A8-B332-489A-85F4-8BD4CD979675}.Release|Any CPU.Build.0 = Release|Any CPU
	EndGlobalSection
	GlobalSection(SolutionProperties) = preSolution
		HideSolutionNode = FALSE
	EndGlobalSection
	GlobalSection(ExtensibilityGlobals) = postSolution
		SolutionGuid = {C39889B7-C7E2-49E6-9563-8DF118044069}
	EndGlobalSection
EndGlobal
